
Microsoft Visual Studio Solution File, Format Version 12.00
# Visual Studio Version 16
VisualStudioVersion = 16.0.30711.63
MinimumVisualStudioVersion = 10.0.40219.1
Project("{9A19103F-16F7-4668-BE54-9A1E7A4F7556}") = "CreditcardApi", "CreditcardApi\CreditcardApi.csproj", "{D74DB7C8-BE06-4E61-96F9-7801FD9CD45B}"
EndProject
Project("{9A19103F-16F7-4668-BE54-9A1E7A4F7556}") = "CreditcardApi.DataContract", "CreditcardApi.DataContract\CreditcardApi.DataContract.csproj", "{CA3D1C36-A4E6-4C8E-846C-A1CE36A4FE9B}"
EndProject
Project("{9A19103F-16F7-4668-BE54-9A1E7A4F7556}") = "CreditcardApi.Repository", "CreditcardApi.Repository\CreditcardApi.Repository.csproj", "{4B919DB5-1199-4011-A432-79CFD3111478}"
EndProject
Project("{9A19103F-16F7-4668-BE54-9A1E7A4F7556}") = "CreditcardApi.Service", "CreditcardApi.Service\CreditcardApi.Service.csproj", "{1049FA11-17E7-4ACA-B22E-1D068BE61096}"
EndProject
Project("{9A19103F-16F7-4668-BE54-9A1E7A4F7556}") = "CreditcardApi.Tests", "CreditcardApi.Tests\CreditcardApi.Tests.csproj", "{2033621C-7071-4C2C-BA82-CE1668D5853C}"
EndProject
Global
	GlobalSection(SolutionConfigurationPlatforms) = preSolution
		Debug|Any CPU = Debug|Any CPU
		Release|Any CPU = Release|Any CPU
	EndGlobalSection
	GlobalSection(ProjectConfigurationPlatforms) = postSolution
		{D74DB7C8-BE06-4E61-96F9-7801FD9CD45B}.Debug|Any CPU.ActiveCfg = Debug|Any CPU
		{D74DB7C8-BE06-4E61-96F9-7801FD9CD45B}.Debug|Any CPU.Build.0 = Debug|Any CPU
		{D74DB7C8-BE06-4E61-96F9-7801FD9CD45B}.Release|Any CPU.ActiveCfg = Release|Any CPU
		{D74DB7C8-BE06-4E61-96F9-7801FD9CD45B}.Release|Any CPU.Build.0 = Release|Any CPU
		{CA3D1C36-A4E6-4C8E-846C-A1CE36A4FE9B}.Debug|Any CPU.ActiveCfg = Debug|Any CPU
		{CA3D1C36-A4E6-4C8E-846C-A1CE36A4FE9B}.Debug|Any CPU.Build.0 = Debug|Any CPU
		{CA3D1C36-A4E6-4C8E-846C-A1CE36A4FE9B}.Release|Any CPU.ActiveCfg = Release|Any CPU
		{CA3D1C36-A4E6-4C8E-846C-A1CE36A4FE9B}.Release|Any CPU.Build.0 = Release|Any CPU
		{4B919DB5-1199-4011-A432-79CFD3111478}.Debug|Any CPU.ActiveCfg = Debug|Any CPU
		{4B919DB5-1199-4011-A432-79CFD3111478}.Debug|Any CPU.Build.0 = Debug|Any CPU
		{4B919DB5-1199-4011-A432-79CFD3111478}.Release|Any CPU.ActiveCfg = Release|Any CPU
		{4B919DB5-1199-4011-A432-79CFD3111478}.Release|Any CPU.Build.0 = Release|Any CPU
		{1049FA11-17E7-4ACA-B22E-1D068BE61096}.Debug|Any CPU.ActiveCfg = Debug|Any CPU
		{1049FA11-17E7-4ACA-B22E-1D068BE61096}.Debug|Any CPU.Build.0 = Debug|Any CPU
		{1049FA11-17E7-4ACA-B22E-1D068BE61096}.Release|Any CPU.ActiveCfg = Release|Any CPU
		{1049FA11-17E7-4ACA-B22E-1D068BE61096}.Release|Any CPU.Build.0 = Release|Any CPU
		{2033621C-7071-4C2C-BA82-CE1668D5853C}.Debug|Any CPU.ActiveCfg = Debug|Any CPU
		{2033621C-7071-4C2C-BA82-CE1668D5853C}.Debug|Any CPU.Build.0 = Debug|Any CPU
		{2033621C-7071-4C2C-BA82-CE1668D5853C}.Release|Any CPU.ActiveCfg = Release|Any CPU
		{2033621C-7071-4C2C-BA82-CE1668D5853C}.Release|Any CPU.Build.0 = Release|Any CPU
	EndGlobalSection
	GlobalSection(SolutionProperties) = preSolution
		HideSolutionNode = FALSE
	EndGlobalSection
	GlobalSection(ExtensibilityGlobals) = postSolution
		SolutionGuid = {C989BD84-D812-4153-802A-E7B944082AF8}
	EndGlobalSection
EndGlobal
