
Microsoft Visual Studio Solution File, Format Version 12.00
# Visual Studio Version 16
VisualStudioVersion = 16.0.30711.63
MinimumVisualStudioVersion = 10.0.40219.1
Project("{FAE04EC0-301F-11D3-BF4B-00C04F79EFBC}") = "Creditcard.Api", "Creditcard.Api\Creditcard.Api.csproj", "{5CFE18D3-D152-4A64-8BB5-3F96FA08D6BD}"
EndProject
Project("{FAE04EC0-301F-11D3-BF4B-00C04F79EFBC}") = "Creditcard.DataContract", "Creditcard.DataContract\Creditcard.DataContract.csproj", "{23F584AF-EE2D-421E-9D80-0974B72BF12C}"
EndProject
Global
	GlobalSection(SolutionConfigurationPlatforms) = preSolution
		Debug|Any CPU = Debug|Any CPU
		Release|Any CPU = Release|Any CPU
	EndGlobalSection
	GlobalSection(ProjectConfigurationPlatforms) = postSolution
		{5CFE18D3-D152-4A64-8BB5-3F96FA08D6BD}.Debug|Any CPU.ActiveCfg = Debug|Any CPU
		{5CFE18D3-D152-4A64-8BB5-3F96FA08D6BD}.Debug|Any CPU.Build.0 = Debug|Any CPU
		{5CFE18D3-D152-4A64-8BB5-3F96FA08D6BD}.Release|Any CPU.ActiveCfg = Release|Any CPU
		{5CFE18D3-D152-4A64-8BB5-3F96FA08D6BD}.Release|Any CPU.Build.0 = Release|Any CPU
		{23F584AF-EE2D-421E-9D80-0974B72BF12C}.Debug|Any CPU.ActiveCfg = Debug|Any CPU
		{23F584AF-EE2D-421E-9D80-0974B72BF12C}.Debug|Any CPU.Build.0 = Debug|Any CPU
		{23F584AF-EE2D-421E-9D80-0974B72BF12C}.Release|Any CPU.ActiveCfg = Release|Any CPU
		{23F584AF-EE2D-421E-9D80-0974B72BF12C}.Release|Any CPU.Build.0 = Release|Any CPU
	EndGlobalSection
	GlobalSection(SolutionProperties) = preSolution
		HideSolutionNode = FALSE
	EndGlobalSection
	GlobalSection(ExtensibilityGlobals) = postSolution
		SolutionGuid = {C989BD84-D812-4153-802A-E7B944082AF8}
	EndGlobalSection
EndGlobal
